
Microsoft Visual Studio Solution File, Format Version 12.00
# Visual Studio Version 16
VisualStudioVersion = 16.0.30406.169
MinimumVisualStudioVersion = 10.0.40219.1
Project("{9A19103F-16F7-4668-BE54-9A1E7A4F7556}") = "DailyDashboardAPIs", "StockPrices\DailyDashboardAPIs.csproj", "{850713FC-AC99-4D67-AB07-C546BB8B385A}"
EndProject
Project("{9A19103F-16F7-4668-BE54-9A1E7A4F7556}") = "DailyDashboardWebApp", "DailyDashboardWebApp\DailyDashboardWebApp.csproj", "{6D56FB9F-5D56-462E-B97C-4A7E0FDD556B}"
EndProject
Global
	GlobalSection(SolutionConfigurationPlatforms) = preSolution
		Debug|Any CPU = Debug|Any CPU
		Release|Any CPU = Release|Any CPU
	EndGlobalSection
	GlobalSection(ProjectConfigurationPlatforms) = postSolution
		{850713FC-AC99-4D67-AB07-C546BB8B385A}.Debug|Any CPU.ActiveCfg = Debug|Any CPU
		{850713FC-AC99-4D67-AB07-C546BB8B385A}.Debug|Any CPU.Build.0 = Debug|Any CPU
		{850713FC-AC99-4D67-AB07-C546BB8B385A}.Release|Any CPU.ActiveCfg = Release|Any CPU
		{850713FC-AC99-4D67-AB07-C546BB8B385A}.Release|Any CPU.Build.0 = Release|Any CPU
		{6D56FB9F-5D56-462E-B97C-4A7E0FDD556B}.Debug|Any CPU.ActiveCfg = Debug|Any CPU
		{6D56FB9F-5D56-462E-B97C-4A7E0FDD556B}.Debug|Any CPU.Build.0 = Debug|Any CPU
		{6D56FB9F-5D56-462E-B97C-4A7E0FDD556B}.Release|Any CPU.ActiveCfg = Release|Any CPU
		{6D56FB9F-5D56-462E-B97C-4A7E0FDD556B}.Release|Any CPU.Build.0 = Release|Any CPU
	EndGlobalSection
	GlobalSection(SolutionProperties) = preSolution
		HideSolutionNode = FALSE
	EndGlobalSection
	GlobalSection(ExtensibilityGlobals) = postSolution
		SolutionGuid = {2E59757E-62AD-41EF-A0AE-3951529F15F8}
	EndGlobalSection
EndGlobal
